
Microsoft Visual Studio Solution File, Format Version 12.00
# Visual Studio Version 17
VisualStudioVersion = 17.0.31903.59
MinimumVisualStudioVersion = 10.0.40219.1
Project("{9A19103F-16F7-4668-BE54-9A1E7A4F7556}") = "Api", "Api\Api.csproj", "{AF6FEFCB-41A2-4D93-A068-B42A026CC3AC}"
	ProjectSection(ProjectDependencies) = postProject
		{3BDA08CA-C391-40E1-BDFB-5CF27864EC9D} = {3BDA08CA-C391-40E1-BDFB-5CF27864EC9D}
	EndProjectSection
EndProject
Project("{9A19103F-16F7-4668-BE54-9A1E7A4F7556}") = "EntityFramework", "EntityFramework\EntityFramework.csproj", "{3BDA08CA-C391-40E1-BDFB-5CF27864EC9D}"
EndProject
Project("{9A19103F-16F7-4668-BE54-9A1E7A4F7556}") = "Business", "Business\Business.csproj", "{A319872A-1C07-4ECE-BB9E-7909DD5559FE}"
EndProject
Project("{FAE04EC0-301F-11D3-BF4B-00C04F79EFBC}") = "Tests", "Tests\Tests.csproj", "{D6C190C0-33E6-4B86-BD73-54CE10398DCD}"
EndProject
Project("{FAE04EC0-301F-11D3-BF4B-00C04F79EFBC}") = "Shared", "Shared\Shared.csproj", "{E170DBA1-FE74-4D33-8529-2C9DBF03237E}"
EndProject
Global
	GlobalSection(SolutionConfigurationPlatforms) = preSolution
		Debug|Any CPU = Debug|Any CPU
		Release|Any CPU = Release|Any CPU
	EndGlobalSection
	GlobalSection(ProjectConfigurationPlatforms) = postSolution
		{AF6FEFCB-41A2-4D93-A068-B42A026CC3AC}.Debug|Any CPU.ActiveCfg = Debug|Any CPU
		{AF6FEFCB-41A2-4D93-A068-B42A026CC3AC}.Debug|Any CPU.Build.0 = Debug|Any CPU
		{AF6FEFCB-41A2-4D93-A068-B42A026CC3AC}.Release|Any CPU.ActiveCfg = Release|Any CPU
		{AF6FEFCB-41A2-4D93-A068-B42A026CC3AC}.Release|Any CPU.Build.0 = Release|Any CPU
		{3BDA08CA-C391-40E1-BDFB-5CF27864EC9D}.Debug|Any CPU.ActiveCfg = Debug|Any CPU
		{3BDA08CA-C391-40E1-BDFB-5CF27864EC9D}.Debug|Any CPU.Build.0 = Debug|Any CPU
		{3BDA08CA-C391-40E1-BDFB-5CF27864EC9D}.Release|Any CPU.ActiveCfg = Release|Any CPU
		{3BDA08CA-C391-40E1-BDFB-5CF27864EC9D}.Release|Any CPU.Build.0 = Release|Any CPU
		{A319872A-1C07-4ECE-BB9E-7909DD5559FE}.Debug|Any CPU.ActiveCfg = Debug|Any CPU
		{A319872A-1C07-4ECE-BB9E-7909DD5559FE}.Debug|Any CPU.Build.0 = Debug|Any CPU
		{A319872A-1C07-4ECE-BB9E-7909DD5559FE}.Release|Any CPU.ActiveCfg = Release|Any CPU
		{A319872A-1C07-4ECE-BB9E-7909DD5559FE}.Release|Any CPU.Build.0 = Release|Any CPU
		{D6C190C0-33E6-4B86-BD73-54CE10398DCD}.Debug|Any CPU.ActiveCfg = Debug|Any CPU
		{D6C190C0-33E6-4B86-BD73-54CE10398DCD}.Debug|Any CPU.Build.0 = Debug|Any CPU
		{D6C190C0-33E6-4B86-BD73-54CE10398DCD}.Release|Any CPU.ActiveCfg = Release|Any CPU
		{D6C190C0-33E6-4B86-BD73-54CE10398DCD}.Release|Any CPU.Build.0 = Release|Any CPU
		{E170DBA1-FE74-4D33-8529-2C9DBF03237E}.Debug|Any CPU.ActiveCfg = Debug|Any CPU
		{E170DBA1-FE74-4D33-8529-2C9DBF03237E}.Debug|Any CPU.Build.0 = Debug|Any CPU
		{E170DBA1-FE74-4D33-8529-2C9DBF03237E}.Release|Any CPU.ActiveCfg = Release|Any CPU
		{E170DBA1-FE74-4D33-8529-2C9DBF03237E}.Release|Any CPU.Build.0 = Release|Any CPU
	EndGlobalSection
	GlobalSection(SolutionProperties) = preSolution
		HideSolutionNode = FALSE
	EndGlobalSection
	GlobalSection(ExtensibilityGlobals) = postSolution
		SolutionGuid = {AA04BD3A-1AC6-45BB-9AFA-8E8F947935A4}
	EndGlobalSection
EndGlobal
